
Microsoft Visual Studio Solution File, Format Version 12.00
# Visual Studio 15
VisualStudioVersion = 15.0.26430.16
MinimumVisualStudioVersion = 10.0.40219.1
Project("{9A19103F-16F7-4668-BE54-9A1E7A4F7556}") = "RmiterCore", "RmiterCore\RmiterCore.csproj", "{327BCCE6-FB3C-43C2-9DE0-520147E3DEF9}"
EndProject
Project("{FAE04EC0-301F-11D3-BF4B-00C04F79EFBC}") = "RmiterUwp", "RmiterUwp\RmiterUwp.csproj", "{170101CF-6343-4A34-AFAC-D5C7271E906A}"
EndProject
Project("{FAE04EC0-301F-11D3-BF4B-00C04F79EFBC}") = "RmiterTest", "RmiterTest\RmiterTest.csproj", "{857A0067-9349-4047-B216-EABFC879BFF9}"
EndProject
Global
	GlobalSection(SolutionConfigurationPlatforms) = preSolution
		Debug|Any CPU = Debug|Any CPU
		Debug|ARM = Debug|ARM
		Debug|iPhone = Debug|iPhone
		Debug|iPhoneSimulator = Debug|iPhoneSimulator
		Debug|x64 = Debug|x64
		Debug|x86 = Debug|x86
		Release|Any CPU = Release|Any CPU
		Release|ARM = Release|ARM
		Release|iPhone = Release|iPhone
		Release|iPhoneSimulator = Release|iPhoneSimulator
		Release|x64 = Release|x64
		Release|x86 = Release|x86
	EndGlobalSection
	GlobalSection(ProjectConfigurationPlatforms) = postSolution
		{327BCCE6-FB3C-43C2-9DE0-520147E3DEF9}.Debug|Any CPU.ActiveCfg = Debug|Any CPU
		{327BCCE6-FB3C-43C2-9DE0-520147E3DEF9}.Debug|Any CPU.Build.0 = Debug|Any CPU
		{327BCCE6-FB3C-43C2-9DE0-520147E3DEF9}.Debug|ARM.ActiveCfg = Debug|Any CPU
		{327BCCE6-FB3C-43C2-9DE0-520147E3DEF9}.Debug|ARM.Build.0 = Debug|Any CPU
		{327BCCE6-FB3C-43C2-9DE0-520147E3DEF9}.Debug|iPhone.ActiveCfg = Debug|Any CPU
		{327BCCE6-FB3C-43C2-9DE0-520147E3DEF9}.Debug|iPhone.Build.0 = Debug|Any CPU
		{327BCCE6-FB3C-43C2-9DE0-520147E3DEF9}.Debug|iPhoneSimulator.ActiveCfg = Debug|Any CPU
		{327BCCE6-FB3C-43C2-9DE0-520147E3DEF9}.Debug|iPhoneSimulator.Build.0 = Debug|Any CPU
		{327BCCE6-FB3C-43C2-9DE0-520147E3DEF9}.Debug|x64.ActiveCfg = Debug|Any CPU
		{327BCCE6-FB3C-43C2-9DE0-520147E3DEF9}.Debug|x64.Build.0 = Debug|Any CPU
		{327BCCE6-FB3C-43C2-9DE0-520147E3DEF9}.Debug|x86.ActiveCfg = Debug|Any CPU
		{327BCCE6-FB3C-43C2-9DE0-520147E3DEF9}.Debug|x86.Build.0 = Debug|Any CPU
		{327BCCE6-FB3C-43C2-9DE0-520147E3DEF9}.Release|Any CPU.ActiveCfg = Release|Any CPU
		{327BCCE6-FB3C-43C2-9DE0-520147E3DEF9}.Release|Any CPU.Build.0 = Release|Any CPU
		{327BCCE6-FB3C-43C2-9DE0-520147E3DEF9}.Release|ARM.ActiveCfg = Release|Any CPU
		{327BCCE6-FB3C-43C2-9DE0-520147E3DEF9}.Release|ARM.Build.0 = Release|Any CPU
		{327BCCE6-FB3C-43C2-9DE0-520147E3DEF9}.Release|iPhone.ActiveCfg = Release|Any CPU
		{327BCCE6-FB3C-43C2-9DE0-520147E3DEF9}.Release|iPhone.Build.0 = Release|Any CPU
		{327BCCE6-FB3C-43C2-9DE0-520147E3DEF9}.Release|iPhoneSimulator.ActiveCfg = Release|Any CPU
		{327BCCE6-FB3C-43C2-9DE0-520147E3DEF9}.Release|iPhoneSimulator.Build.0 = Release|Any CPU
		{327BCCE6-FB3C-43C2-9DE0-520147E3DEF9}.Release|x64.ActiveCfg = Release|Any CPU
		{327BCCE6-FB3C-43C2-9DE0-520147E3DEF9}.Release|x64.Build.0 = Release|Any CPU
		{327BCCE6-FB3C-43C2-9DE0-520147E3DEF9}.Release|x86.ActiveCfg = Release|Any CPU
		{327BCCE6-FB3C-43C2-9DE0-520147E3DEF9}.Release|x86.Build.0 = Release|Any CPU
		{170101CF-6343-4A34-AFAC-D5C7271E906A}.Debug|Any CPU.ActiveCfg = Debug|x86
		{170101CF-6343-4A34-AFAC-D5C7271E906A}.Debug|ARM.ActiveCfg = Debug|ARM
		{170101CF-6343-4A34-AFAC-D5C7271E906A}.Debug|ARM.Build.0 = Debug|ARM
		{170101CF-6343-4A34-AFAC-D5C7271E906A}.Debug|ARM.Deploy.0 = Debug|ARM
		{170101CF-6343-4A34-AFAC-D5C7271E906A}.Debug|iPhone.ActiveCfg = Debug|x86
		{170101CF-6343-4A34-AFAC-D5C7271E906A}.Debug|iPhoneSimulator.ActiveCfg = Debug|x86
		{170101CF-6343-4A34-AFAC-D5C7271E906A}.Debug|x64.ActiveCfg = Debug|x64
		{170101CF-6343-4A34-AFAC-D5C7271E906A}.Debug|x64.Build.0 = Debug|x64
		{170101CF-6343-4A34-AFAC-D5C7271E906A}.Debug|x64.Deploy.0 = Debug|x64
		{170101CF-6343-4A34-AFAC-D5C7271E906A}.Debug|x86.ActiveCfg = Debug|x86
		{170101CF-6343-4A34-AFAC-D5C7271E906A}.Debug|x86.Build.0 = Debug|x86
		{170101CF-6343-4A34-AFAC-D5C7271E906A}.Debug|x86.Deploy.0 = Debug|x86
		{170101CF-6343-4A34-AFAC-D5C7271E906A}.Release|Any CPU.ActiveCfg = Release|x86
		{170101CF-6343-4A34-AFAC-D5C7271E906A}.Release|ARM.ActiveCfg = Release|ARM
		{170101CF-6343-4A34-AFAC-D5C7271E906A}.Release|ARM.Build.0 = Release|ARM
		{170101CF-6343-4A34-AFAC-D5C7271E906A}.Release|ARM.Deploy.0 = Release|ARM
		{170101CF-6343-4A34-AFAC-D5C7271E906A}.Release|iPhone.ActiveCfg = Release|x86
		{170101CF-6343-4A34-AFAC-D5C7271E906A}.Release|iPhoneSimulator.ActiveCfg = Release|x86
		{170101CF-6343-4A34-AFAC-D5C7271E906A}.Release|x64.ActiveCfg = Release|x64
		{170101CF-6343-4A34-AFAC-D5C7271E906A}.Release|x64.Build.0 = Release|x64
		{170101CF-6343-4A34-AFAC-D5C7271E906A}.Release|x64.Deploy.0 = Release|x64
		{170101CF-6343-4A34-AFAC-D5C7271E906A}.Release|x86.ActiveCfg = Release|x86
		{170101CF-6343-4A34-AFAC-D5C7271E906A}.Release|x86.Build.0 = Release|x86
		{170101CF-6343-4A34-AFAC-D5C7271E906A}.Release|x86.Deploy.0 = Release|x86
		{857A0067-9349-4047-B216-EABFC879BFF9}.Debug|Any CPU.ActiveCfg = Debug|Any CPU
		{857A0067-9349-4047-B216-EABFC879BFF9}.Debug|Any CPU.Build.0 = Debug|Any CPU
		{857A0067-9349-4047-B216-EABFC879BFF9}.Debug|ARM.ActiveCfg = Debug|Any CPU
		{857A0067-9349-4047-B216-EABFC879BFF9}.Debug|ARM.Build.0 = Debug|Any CPU
		{857A0067-9349-4047-B216-EABFC879BFF9}.Debug|iPhone.ActiveCfg = Debug|Any CPU
		{857A0067-9349-4047-B216-EABFC879BFF9}.Debug|iPhone.Build.0 = Debug|Any CPU
		{857A0067-9349-4047-B216-EABFC879BFF9}.Debug|iPhoneSimulator.ActiveCfg = Debug|Any CPU
		{857A0067-9349-4047-B216-EABFC879BFF9}.Debug|iPhoneSimulator.Build.0 = Debug|Any CPU
		{857A0067-9349-4047-B216-EABFC879BFF9}.Debug|x64.ActiveCfg = Debug|Any CPU
		{857A0067-9349-4047-B216-EABFC879BFF9}.Debug|x64.Build.0 = Debug|Any CPU
		{857A0067-9349-4047-B216-EABFC879BFF9}.Debug|x86.ActiveCfg = Debug|Any CPU
		{857A0067-9349-4047-B216-EABFC879BFF9}.Debug|x86.Build.0 = Debug|Any CPU
		{857A0067-9349-4047-B216-EABFC879BFF9}.Release|Any CPU.ActiveCfg = Release|Any CPU
		{857A0067-9349-4047-B216-EABFC879BFF9}.Release|Any CPU.Build.0 = Release|Any CPU
		{857A0067-9349-4047-B216-EABFC879BFF9}.Release|ARM.ActiveCfg = Release|Any CPU
		{857A0067-9349-4047-B216-EABFC879BFF9}.Release|ARM.Build.0 = Release|Any CPU
		{857A0067-9349-4047-B216-EABFC879BFF9}.Release|iPhone.ActiveCfg = Release|Any CPU
		{857A0067-9349-4047-B216-EABFC879BFF9}.Release|iPhone.Build.0 = Release|Any CPU
		{857A0067-9349-4047-B216-EABFC879BFF9}.Release|iPhoneSimulator.ActiveCfg = Release|Any CPU
		{857A0067-9349-4047-B216-EABFC879BFF9}.Release|iPhoneSimulator.Build.0 = Release|Any CPU
		{857A0067-9349-4047-B216-EABFC879BFF9}.Release|x64.ActiveCfg = Release|Any CPU
		{857A0067-9349-4047-B216-EABFC879BFF9}.Release|x64.Build.0 = Release|Any CPU
		{857A0067-9349-4047-B216-EABFC879BFF9}.Release|x86.ActiveCfg = Release|Any CPU
		{857A0067-9349-4047-B216-EABFC879BFF9}.Release|x86.Build.0 = Release|Any CPU
	EndGlobalSection
	GlobalSection(SolutionProperties) = preSolution
		HideSolutionNode = FALSE
	EndGlobalSection
	GlobalSection(Performance) = preSolution
		HasPerformanceSessions = true
	EndGlobalSection
	GlobalSection(Performance) = preSolution
		HasPerformanceSessions = true
	EndGlobalSection
EndGlobal
